// !$*UTF8*$!
{
	archiveVersion = 1;
	classes = {
	};
	objectVersion = 46;
	objects = {

/* Begin PBXBuildFile section */
		04AF36221C1DA86F00D3F2D2 /* main.m in Sources */ = {isa = PBXBuildFile; fileRef = 04AF36211C1DA86F00D3F2D2 /* main.m */; };
		04AF36251C1DA86F00D3F2D2 /* AppDelegate.m in Sources */ = {isa = PBXBuildFile; fileRef = 04AF36241C1DA86F00D3F2D2 /* AppDelegate.m */; };
		04AF36281C1DA86F00D3F2D2 /* ViewController.m in Sources */ = {isa = PBXBuildFile; fileRef = 04AF36271C1DA86F00D3F2D2 /* ViewController.m */; };
		04AF362B1C1DA86F00D3F2D2 /* Main.storyboard in Resources */ = {isa = PBXBuildFile; fileRef = 04AF36291C1DA86F00D3F2D2 /* Main.storyboard */; };
		04AF362D1C1DA86F00D3F2D2 /* Images.xcassets in Resources */ = {isa = PBXBuildFile; fileRef = 04AF362C1C1DA86F00D3F2D2 /* Images.xcassets */; };
		04AF36301C1DA86F00D3F2D2 /* LaunchScreen.xib in Resources */ = {isa = PBXBuildFile; fileRef = 04AF362E1C1DA86F00D3F2D2 /* LaunchScreen.xib */; };
		04AF363C1C1DA86F00D3F2D2 /* FSSearchControllerTests.m in Sources */ = {isa = PBXBuildFile; fileRef = 04AF363B1C1DA86F00D3F2D2 /* FSSearchControllerTests.m */; };
		04AF36461C1DAAF300D3F2D2 /* airlineData.json in Resources */ = {isa = PBXBuildFile; fileRef = 04AF36451C1DAAF300D3F2D2 /* airlineData.json */; };
		04AF36491C1DAD6E00D3F2D2 /* FSDataModel.m in Sources */ = {isa = PBXBuildFile; fileRef = 04AF36481C1DAD6E00D3F2D2 /* FSDataModel.m */; };
		04AF364C1C1DB37000D3F2D2 /* FSResultViewController.m in Sources */ = {isa = PBXBuildFile; fileRef = 04AF364B1C1DB37000D3F2D2 /* FSResultViewController.m */; };
/* End PBXBuildFile section */

/* Begin PBXContainerItemProxy section */
		04AF36361C1DA86F00D3F2D2 /* PBXContainerItemProxy */ = {
			isa = PBXContainerItemProxy;
			containerPortal = 04AF36141C1DA86F00D3F2D2 /* Project object */;
			proxyType = 1;
			remoteGlobalIDString = 04AF361B1C1DA86F00D3F2D2;
			remoteInfo = FSSearchController;
		};
/* End PBXContainerItemProxy section */

/* Begin PBXFileReference section */
		04AF361C1C1DA86F00D3F2D2 /* FSSearchController.app */ = {isa = PBXFileReference; explicitFileType = wrapper.application; includeInIndex = 0; path = FSSearchController.app; sourceTree = BUILT_PRODUCTS_DIR; };
		04AF36201C1DA86F00D3F2D2 /* Info.plist */ = {isa = PBXFileReference; lastKnownFileType = text.plist.xml; path = Info.plist; sourceTree = "<group>"; };
		04AF36211C1DA86F00D3F2D2 /* main.m */ = {isa = PBXFileReference; lastKnownFileType = sourcecode.c.objc; path = main.m; sourceTree = "<group>"; };
		04AF36231C1DA86F00D3F2D2 /* AppDelegate.h */ = {isa = PBXFileReference; lastKnownFileType = sourcecode.c.h; path = AppDelegate.h; sourceTree = "<group>"; };
		04AF36241C1DA86F00D3F2D2 /* AppDelegate.m */ = {isa = PBXFileReference; lastKnownFileType = sourcecode.c.objc; path = AppDelegate.m; sourceTree = "<group>"; };
		04AF36261C1DA86F00D3F2D2 /* ViewController.h */ = {isa = PBXFileReference; lastKnownFileType = sourcecode.c.h; path = ViewController.h; sourceTree = "<group>"; };
		04AF36271C1DA86F00D3F2D2 /* ViewController.m */ = {isa = PBXFileReference; lastKnownFileType = sourcecode.c.objc; path = ViewController.m; sourceTree = "<group>"; };
		04AF362A1C1DA86F00D3F2D2 /* Base */ = {isa = PBXFileReference; lastKnownFileType = file.storyboard; name = Base; path = Base.lproj/Main.storyboard; sourceTree = "<group>"; };
		04AF362C1C1DA86F00D3F2D2 /* Images.xcassets */ = {isa = PBXFileReference; lastKnownFileType = folder.assetcatalog; path = Images.xcassets; sourceTree = "<group>"; };
		04AF362F1C1DA86F00D3F2D2 /* Base */ = {isa = PBXFileReference; lastKnownFileType = file.xib; name = Base; path = Base.lproj/LaunchScreen.xib; sourceTree = "<group>"; };
		04AF36351C1DA86F00D3F2D2 /* FSSearchControllerTests.xctest */ = {isa = PBXFileReference; explicitFileType = wrapper.cfbundle; includeInIndex = 0; path = FSSearchControllerTests.xctest; sourceTree = BUILT_PRODUCTS_DIR; };
		04AF363A1C1DA86F00D3F2D2 /* Info.plist */ = {isa = PBXFileReference; lastKnownFileType = text.plist.xml; path = Info.plist; sourceTree = "<group>"; };
		04AF363B1C1DA86F00D3F2D2 /* FSSearchControllerTests.m */ = {isa = PBXFileReference; lastKnownFileType = sourcecode.c.objc; path = FSSearchControllerTests.m; sourceTree = "<group>"; };
		04AF36451C1DAAF300D3F2D2 /* airlineData.json */ = {isa = PBXFileReference; fileEncoding = 4; lastKnownFileType = text.json; path = airlineData.json; sourceTree = "<group>"; };
		04AF36471C1DAD6E00D3F2D2 /* FSDataModel.h */ = {isa = PBXFileReference; fileEncoding = 4; lastKnownFileType = sourcecode.c.h; path = FSDataModel.h; sourceTree = "<group>"; };
		04AF36481C1DAD6E00D3F2D2 /* FSDataModel.m */ = {isa = PBXFileReference; fileEncoding = 4; lastKnownFileType = sourcecode.c.objc; path = FSDataModel.m; sourceTree = "<group>"; };
		04AF364A1C1DB37000D3F2D2 /* FSResultViewController.h */ = {isa = PBXFileReference; fileEncoding = 4; lastKnownFileType = sourcecode.c.h; path = FSResultViewController.h; sourceTree = "<group>"; };
		04AF364B1C1DB37000D3F2D2 /* FSResultViewController.m */ = {isa = PBXFileReference; fileEncoding = 4; lastKnownFileType = sourcecode.c.objc; path = FSResultViewController.m; sourceTree = "<group>"; };
/* End PBXFileReference section */

/* Begin PBXFrameworksBuildPhase section */
		04AF36191C1DA86F00D3F2D2 /* Frameworks */ = {
			isa = PBXFrameworksBuildPhase;
			buildActionMask = 2147483647;
			files = (
			);
			runOnlyForDeploymentPostprocessing = 0;
		};
		04AF36321C1DA86F00D3F2D2 /* Frameworks */ = {
			isa = PBXFrameworksBuildPhase;
			buildActionMask = 2147483647;
			files = (
			);
			runOnlyForDeploymentPostprocessing = 0;
		};
/* End PBXFrameworksBuildPhase section */

/* Begin PBXGroup section */
		04AF36131C1DA86F00D3F2D2 = {
			isa = PBXGroup;
			children = (
				04AF361E1C1DA86F00D3F2D2 /* FSSearchController */,
				04AF36381C1DA86F00D3F2D2 /* FSSearchControllerTests */,
				04AF361D1C1DA86F00D3F2D2 /* Products */,
			);
			sourceTree = "<group>";
		};
		04AF361D1C1DA86F00D3F2D2 /* Products */ = {
			isa = PBXGroup;
			children = (
				04AF361C1C1DA86F00D3F2D2 /* FSSearchController.app */,
				04AF36351C1DA86F00D3F2D2 /* FSSearchControllerTests.xctest */,
			);
			name = Products;
			sourceTree = "<group>";
		};
		04AF361E1C1DA86F00D3F2D2 /* FSSearchController */ = {
			isa = PBXGroup;
			children = (
				04AF36231C1DA86F00D3F2D2 /* AppDelegate.h */,
				04AF36241C1DA86F00D3F2D2 /* AppDelegate.m */,
				04AF36261C1DA86F00D3F2D2 /* ViewController.h */,
				04AF36271C1DA86F00D3F2D2 /* ViewController.m */,
				04AF364A1C1DB37000D3F2D2 /* FSResultViewController.h */,
				04AF364B1C1DB37000D3F2D2 /* FSResultViewController.m */,
				04AF36471C1DAD6E00D3F2D2 /* FSDataModel.h */,
				04AF36481C1DAD6E00D3F2D2 /* FSDataModel.m */,
				04AF36291C1DA86F00D3F2D2 /* Main.storyboard */,
				04AF362C1C1DA86F00D3F2D2 /* Images.xcassets */,
				04AF362E1C1DA86F00D3F2D2 /* LaunchScreen.xib */,
				04AF361F1C1DA86F00D3F2D2 /* Supporting Files */,
			);
			path = FSSearchController;
			sourceTree = "<group>";
		};
		04AF361F1C1DA86F00D3F2D2 /* Supporting Files */ = {
			isa = PBXGroup;
			children = (
				04AF36451C1DAAF300D3F2D2 /* airlineData.json */,
				04AF36201C1DA86F00D3F2D2 /* Info.plist */,
				04AF36211C1DA86F00D3F2D2 /* main.m */,
			);
			name = "Supporting Files";
			sourceTree = "<group>";
		};
		04AF36381C1DA86F00D3F2D2 /* FSSearchControllerTests */ = {
			isa = PBXGroup;
			children = (
				04AF363B1C1DA86F00D3F2D2 /* FSSearchControllerTests.m */,
				04AF36391C1DA86F00D3F2D2 /* Supporting Files */,
			);
			path = FSSearchControllerTests;
			sourceTree = "<group>";
		};
		04AF36391C1DA86F00D3F2D2 /* Supporting Files */ = {
			isa = PBXGroup;
			children = (
				04AF363A1C1DA86F00D3F2D2 /* Info.plist */,
			);
			name = "Supporting Files";
			sourceTree = "<group>";
		};
/* End PBXGroup section */

/* Begin PBXNativeTarget section */
		04AF361B1C1DA86F00D3F2D2 /* FSSearchController */ = {
			isa = PBXNativeTarget;
			buildConfigurationList = 04AF363F1C1DA86F00D3F2D2 /* Build configuration list for PBXNativeTarget "FSSearchController" */;
			buildPhases = (
				04AF36181C1DA86F00D3F2D2 /* Sources */,
				04AF36191C1DA86F00D3F2D2 /* Frameworks */,
				04AF361A1C1DA86F00D3F2D2 /* Resources */,
			);
			buildRules = (
			);
			dependencies = (
			);
			name = FSSearchController;
			productName = FSSearchController;
			productReference = 04AF361C1C1DA86F00D3F2D2 /* FSSearchController.app */;
			productType = "com.apple.product-type.application";
		};
		04AF36341C1DA86F00D3F2D2 /* FSSearchControllerTests */ = {
			isa = PBXNativeTarget;
			buildConfigurationList = 04AF36421C1DA86F00D3F2D2 /* Build configuration list for PBXNativeTarget "FSSearchControllerTests" */;
			buildPhases = (
				04AF36311C1DA86F00D3F2D2 /* Sources */,
				04AF36321C1DA86F00D3F2D2 /* Frameworks */,
				04AF36331C1DA86F00D3F2D2 /* Resources */,
			);
			buildRules = (
			);
			dependencies = (
				04AF36371C1DA86F00D3F2D2 /* PBXTargetDependency */,
			);
			name = FSSearchControllerTests;
			productName = FSSearchControllerTests;
			productReference = 04AF36351C1DA86F00D3F2D2 /* FSSearchControllerTests.xctest */;
			productType = "com.apple.product-type.bundle.unit-test";
		};
/* End PBXNativeTarget section */

/* Begin PBXProject section */
		04AF36141C1DA86F00D3F2D2 /* Project object */ = {
			isa = PBXProject;
			attributes = {
				LastUpgradeCheck = 0640;
				ORGANIZATIONNAME = "四维图新";
				TargetAttributes = {
					04AF361B1C1DA86F00D3F2D2 = {
						CreatedOnToolsVersion = 6.4;
					};
					04AF36341C1DA86F00D3F2D2 = {
						CreatedOnToolsVersion = 6.4;
						TestTargetID = 04AF361B1C1DA86F00D3F2D2;
					};
				};
			};
			buildConfigurationList = 04AF36171C1DA86F00D3F2D2 /* Build configuration list for PBXProject "FSSearchController" */;
			compatibilityVersion = "Xcode 3.2";
			developmentRegion = English;
			hasScannedForEncodings = 0;
			knownRegions = (
				en,
				Base,
			);
			mainGroup = 04AF36131C1DA86F00D3F2D2;
			productRefGroup = 04AF361D1C1DA86F00D3F2D2 /* Products */;
			projectDirPath = "";
			projectRoot = "";
			targets = (
				04AF361B1C1DA86F00D3F2D2 /* FSSearchController */,
				04AF36341C1DA86F00D3F2D2 /* FSSearchControllerTests */,
			);
		};
/* End PBXProject section */

/* Begin PBXResourcesBuildPhase section */
		04AF361A1C1DA86F00D3F2D2 /* Resources */ = {
			isa = PBXResourcesBuildPhase;
			buildActionMask = 2147483647;
			files = (
				04AF362B1C1DA86F00D3F2D2 /* Main.storyboard in Resources */,
				04AF36301C1DA86F00D3F2D2 /* LaunchScreen.xib in Resources */,
				04AF36461C1DAAF300D3F2D2 /* airlineData.json in Resources */,
				04AF362D1C1DA86F00D3F2D2 /* Images.xcassets in Resources */,
			);
			runOnlyForDeploymentPostprocessing = 0;
		};
		04AF36331C1DA86F00D3F2D2 /* Resources */ = {
			isa = PBXResourcesBuildPhase;
			buildActionMask = 2147483647;
			files = (
			);
			runOnlyForDeploymentPostprocessing = 0;
		};
/* End PBXResourcesBuildPhase section */

/* Begin PBXSourcesBuildPhase section */
		04AF36181C1DA86F00D3F2D2 /* Sources */ = {
			isa = PBXSourcesBuildPhase;
			buildActionMask = 2147483647;
			files = (
				04AF36491C1DAD6E00D3F2D2 /* FSDataModel.m in Sources */,
				04AF364C1C1DB37000D3F2D2 /* FSResultViewController.m in Sources */,
				04AF36281C1DA86F00D3F2D2 /* ViewController.m in Sources */,
				04AF36251C1DA86F00D3F2D2 /* AppDelegate.m in Sources */,
				04AF36221C1DA86F00D3F2D2 /* main.m in Sources */,
			);
			runOnlyForDeploymentPostprocessing = 0;
		};
		04AF36311C1DA86F00D3F2D2 /* Sources */ = {
			isa = PBXSourcesBuildPhase;
			buildActionMask = 2147483647;
			files = (
				04AF363C1C1DA86F00D3F2D2 /* FSSearchControllerTests.m in Sources */,
			);
			runOnlyForDeploymentPostprocessing = 0;
		};
/* End PBXSourcesBuildPhase section */

/* Begin PBXTargetDependency section */
		04AF36371C1DA86F00D3F2D2 /* PBXTargetDependency */ = {
			isa = PBXTargetDependency;
			target = 04AF361B1C1DA86F00D3F2D2 /* FSSearchController */;
			targetProxy = 04AF36361C1DA86F00D3F2D2 /* PBXContainerItemProxy */;
		};
/* End PBXTargetDependency section */

/* Begin PBXVariantGroup section */
		04AF36291C1DA86F00D3F2D2 /* Main.storyboard */ = {
			isa = PBXVariantGroup;
			children = (
				04AF362A1C1DA86F00D3F2D2 /* Base */,
			);
			name = Main.storyboard;
			sourceTree = "<group>";
		};
		04AF362E1C1DA86F00D3F2D2 /* LaunchScreen.xib */ = {
			isa = PBXVariantGroup;
			children = (
				04AF362F1C1DA86F00D3F2D2 /* Base */,
			);
			name = LaunchScreen.xib;
			sourceTree = "<group>";
		};
/* End PBXVariantGroup section */

/* Begin XCBuildConfiguration section */
		04AF363D1C1DA86F00D3F2D2 /* Debug */ = {
			isa = XCBuildConfiguration;
			buildSettings = {
				ALWAYS_SEARCH_USER_PATHS = NO;
				CLANG_CXX_LANGUAGE_STANDARD = "gnu++0x";
				CLANG_CXX_LIBRARY = "libc++";
				CLANG_ENABLE_MODULES = YES;
				CLANG_ENABLE_OBJC_ARC = YES;
				CLANG_WARN_BOOL_CONVERSION = YES;
				CLANG_WARN_CONSTANT_CONVERSION = YES;
				CLANG_WARN_DIRECT_OBJC_ISA_USAGE = YES_ERROR;
				CLANG_WARN_EMPTY_BODY = YES;
				CLANG_WARN_ENUM_CONVERSION = YES;
				CLANG_WARN_INT_CONVERSION = YES;
				CLANG_WARN_OBJC_ROOT_CLASS = YES_ERROR;
				CLANG_WARN_UNREACHABLE_CODE = YES;
				CLANG_WARN__DUPLICATE_METHOD_MATCH = YES;
				"CODE_SIGN_IDENTITY[sdk=iphoneos*]" = "iPhone Developer";
				COPY_PHASE_STRIP = NO;
				DEBUG_INFORMATION_FORMAT = "dwarf-with-dsym";
				ENABLE_STRICT_OBJC_MSGSEND = YES;
				GCC_C_LANGUAGE_STANDARD = gnu99;
				GCC_DYNAMIC_NO_PIC = NO;
				GCC_NO_COMMON_BLOCKS = YES;
				GCC_OPTIMIZATION_LEVEL = 0;
				GCC_PREPROCESSOR_DEFINITIONS = (
					"DEBUG=1",
					"$(inherited)",
				);
				GCC_SYMBOLS_PRIVATE_EXTERN = NO;
				GCC_WARN_64_TO_32_BIT_CONVERSION = YES;
				GCC_WARN_ABOUT_RETURN_TYPE = YES_ERROR;
				GCC_WARN_UNDECLARED_SELECTOR = YES;
				GCC_WARN_UNINITIALIZED_AUTOS = YES_AGGRESSIVE;
				GCC_WARN_UNUSED_FUNCTION = YES;
				GCC_WARN_UNUSED_VARIABLE = YES;
				IPHONEOS_DEPLOYMENT_TARGET = 8.4;
				MTL_ENABLE_DEBUG_INFO = YES;
				ONLY_ACTIVE_ARCH = YES;
				SDKROOT = iphoneos;
				TARGETED_DEVICE_FAMILY = "1,2";
			};
			name = Debug;
		};
		04AF363E1C1DA86F00D3F2D2 /* Release */ = {
			isa = XCBuildConfiguration;
			buildSettings = {
				ALWAYS_SEARCH_USER_PATHS = NO;
				CLANG_CXX_LANGUAGE_STANDARD = "gnu++0x";
				CLANG_CXX_LIBRARY = "libc++";
				CLANG_ENABLE_MODULES = YES;
				CLANG_ENABLE_OBJC_ARC = YES;
				CLANG_WARN_BOOL_CONVERSION = YES;
				CLANG_WARN_CONSTANT_CONVERSION = YES;
				CLANG_WARN_DIRECT_OBJC_ISA_USAGE = YES_ERROR;
				CLANG_WARN_EMPTY_BODY = YES;
				CLANG_WARN_ENUM_CONVERSION = YES;
				CLANG_WARN_INT_CONVERSION = YES;
				CLANG_WARN_OBJC_ROOT_CLASS = YES_ERROR;
				CLANG_WARN_UNREACHABLE_CODE = YES;
				CLANG_WARN__DUPLICATE_METHOD_MATCH = YES;
				"CODE_SIGN_IDENTITY[sdk=iphoneos*]" = "iPhone Developer";
				COPY_PHASE_STRIP = NO;
				DEBUG_INFORMATION_FORMAT = "dwarf-with-dsym";
				ENABLE_NS_ASSERTIONS = NO;
				ENABLE_STRICT_OBJC_MSGSEND = YES;
				GCC_C_LANGUAGE_STANDARD = gnu99;
				GCC_NO_COMMON_BLOCKS = YES;
				GCC_WARN_64_TO_32_BIT_CONVERSION = YES;
				GCC_WARN_ABOUT_RETURN_TYPE = YES_ERROR;
				GCC_WARN_UNDECLARED_SELECTOR = YES;
				GCC_WARN_UNINITIALIZED_AUTOS = YES_AGGRESSIVE;
				GCC_WARN_UNUSED_FUNCTION = YES;
				GCC_WARN_UNUSED_VARIABLE = YES;
				IPHONEOS_DEPLOYMENT_TARGET = 8.4;
				MTL_ENABLE_DEBUG_INFO = NO;
				SDKROOT = iphoneos;
				TARGETED_DEVICE_FAMILY = "1,2";
				VALIDATE_PRODUCT = YES;
			};
			name = Release;
		};
		04AF36401C1DA86F00D3F2D2 /* Debug */ = {
			isa = XCBuildConfiguration;
			buildSettings = {
				ASSETCATALOG_COMPILER_APPICON_NAME = AppIcon;
				INFOPLIST_FILE = FSSearchController/Info.plist;
				IPHONEOS_DEPLOYMENT_TARGET = " ";
				LD_RUNPATH_SEARCH_PATHS = "$(inherited) @executable_path/Frameworks";
				PRODUCT_NAME = "$(TARGET_NAME)";
			};
			name = Debug;
		};
		04AF36411C1DA86F00D3F2D2 /* Release */ = {
			isa = XCBuildConfiguration;
			buildSettings = {
				ASSETCATALOG_COMPILER_APPICON_NAME = AppIcon;
				INFOPLIST_FILE = FSSearchController/Info.plist;
				IPHONEOS_DEPLOYMENT_TARGET = " ";
				LD_RUNPATH_SEARCH_PATHS = "$(inherited) @executable_path/Frameworks";
				PRODUCT_NAME = "$(TARGET_NAME)";
			};
			name = Release;
		};
		04AF36431C1DA86F00D3F2D2 /* Debug */ = {
			isa = XCBuildConfiguration;
			buildSettings = {
				BUNDLE_LOADER = "$(TEST_HOST)";
				FRAMEWORK_SEARCH_PATHS = (
					"$(SDKROOT)/Developer/Library/Frameworks",
					"$(inherited)",
				);
				GCC_PREPROCESSOR_DEFINITIONS = (
					"DEBUG=1",
					"$(inherited)",
				);
				INFOPLIST_FILE = FSSearchControllerTests/Info.plist;
				LD_RUNPATH_SEARCH_PATHS = "$(inherited) @executable_path/Frameworks @loader_path/Frameworks";
				PRODUCT_NAME = "$(TARGET_NAME)";
				TEST_HOST = "$(BUILT_PRODUCTS_DIR)/FSSearchController.app/FSSearchController";
			};
			name = Debug;
		};
		04AF36441C1DA86F00D3F2D2 /* Release */ = {
			isa = XCBuildConfiguration;
			buildSettings = {
				BUNDLE_LOADER = "$(TEST_HOST)";
				FRAMEWORK_SEARCH_PATHS = (
					"$(SDKROOT)/Developer/Library/Frameworks",
					"$(inherited)",
				);
				INFOPLIST_FILE = FSSearchControllerTests/Info.plist;
				LD_RUNPATH_SEARCH_PATHS = "$(inherited) @executable_path/Frameworks @loader_path/Frameworks";
				PRODUCT_NAME = "$(TARGET_NAME)";
				TEST_HOST = "$(BUILT_PRODUCTS_DIR)/FSSearchController.app/FSSearchController";
			};
			name = Release;
		};
/* End XCBuildConfiguration section */

/* Begin XCConfigurationList section */
		04AF36171C1DA86F00D3F2D2 /* Build configuration list for PBXProject "FSSearchController" */ = {
			isa = XCConfigurationList;
			buildConfigurations = (
				04AF363D1C1DA86F00D3F2D2 /* Debug */,
				04AF363E1C1DA86F00D3F2D2 /* Release */,
			);
			defaultConfigurationIsVisible = 0;
			defaultConfigurationName = Release;
		};
		04AF363F1C1DA86F00D3F2D2 /* Build configuration list for PBXNativeTarget "FSSearchController" */ = {
			isa = XCConfigurationList;
			buildConfigurations = (
				04AF36401C1DA86F00D3F2D2 /* Debug */,
				04AF36411C1DA86F00D3F2D2 /* Release */,
			);
			defaultConfigurationIsVisible = 0;
		};
		04AF36421C1DA86F00D3F2D2 /* Build configuration list for PBXNativeTarget "FSSearchControllerTests" */ = {
			isa = XCConfigurationList;
			buildConfigurations = (
				04AF36431C1DA86F00D3F2D2 /* Debug */,
				04AF36441C1DA86F00D3F2D2 /* Release */,
			);
			defaultConfigurationIsVisible = 0;
		};
/* End XCConfigurationList section */
	};
	rootObject = 04AF36141C1DA86F00D3F2D2 /* Project object */;
}
